
Microsoft Visual Studio Solution File, Format Version 12.00
# Visual Studio 2012
Project("{FAE04EC0-301F-11D3-BF4B-00C04F79EFBC}") = "Assignment6", "Assignment6\Assignment6.csproj", "{AE527F05-E348-4836-90F1-435E32500D79}"
EndProject
Global
	GlobalSection(SolutionConfigurationPlatforms) = preSolution
		Debug|Any CPU = Debug|Any CPU
		Release|Any CPU = Release|Any CPU
	EndGlobalSection
	GlobalSection(ProjectConfigurationPlatforms) = postSolution
		{AE527F05-E348-4836-90F1-435E32500D79}.Debug|Any CPU.ActiveCfg = Debug|Any CPU
		{AE527F05-E348-4836-90F1-435E32500D79}.Debug|Any CPU.Build.0 = Debug|Any CPU
		{AE527F05-E348-4836-90F1-435E32500D79}.Release|Any CPU.ActiveCfg = Release|Any CPU
		{AE527F05-E348-4836-90F1-435E32500D79}.Release|Any CPU.Build.0 = Release|Any CPU
	EndGlobalSection
	GlobalSection(SolutionProperties) = preSolution
		HideSolutionNode = FALSE
	EndGlobalSection
EndGlobal
